
Microsoft Visual Studio Solution File, Format Version 12.00
# Visual Studio Version 17
VisualStudioVersion = 17.4.33110.190
MinimumVisualStudioVersion = 10.0.40219.1
Project("{9A19103F-16F7-4668-BE54-9A1E7A4F7556}") = "level1", "level1\level1.csproj", "{C6A7418E-1C7B-447B-86C8-1A2CABE930F0}"
EndProject
Project("{9A19103F-16F7-4668-BE54-9A1E7A4F7556}") = "level2", "level2\level2.csproj", "{742FAE2A-2332-49CD-BF43-229B4DD39444}"
EndProject
Project("{9A19103F-16F7-4668-BE54-9A1E7A4F7556}") = "level3", "level3\level3.csproj", "{6A75DAA5-40D4-4F51-8CA9-1DC527817EFC}"
EndProject
Project("{9A19103F-16F7-4668-BE54-9A1E7A4F7556}") = "level4", "level4\level4.csproj", "{BFDFB4AC-962B-49C8-939A-7B54F3404B03}"
EndProject
Project("{9A19103F-16F7-4668-BE54-9A1E7A4F7556}") = "level5", "level5\level5.csproj", "{18EDAC2B-2092-4466-B0A2-20228A0E8448}"
EndProject
Project("{9A19103F-16F7-4668-BE54-9A1E7A4F7556}") = "level6", "level6\level6.csproj", "{E905F193-B66E-4217-882E-60F80927998A}"
EndProject
Project("{9A19103F-16F7-4668-BE54-9A1E7A4F7556}") = "level7", "level7\level7.csproj", "{20D9C9F9-BE87-4F6D-8C24-57091819545D}"
EndProject
Project("{9A19103F-16F7-4668-BE54-9A1E7A4F7556}") = "level8", "level8\level8.csproj", "{104092FD-5CF4-4D36-A829-5FA14DBC626A}"
EndProject
Project("{9A19103F-16F7-4668-BE54-9A1E7A4F7556}") = "level9", "level9\level9.csproj", "{DCF2EE1C-FE21-4CE3-8891-80AAEB6F4C76}"
EndProject
Project("{9A19103F-16F7-4668-BE54-9A1E7A4F7556}") = "level10", "level10\level10.csproj", "{C87151E0-0FDD-4F89-A49E-ED3EC9FE5CAD}"
EndProject
Project("{9A19103F-16F7-4668-BE54-9A1E7A4F7556}") = "level11", "level11\level11.csproj", "{7745C280-EE60-4E9A-8A7C-51CD3B89D96F}"
EndProject
Project("{9A19103F-16F7-4668-BE54-9A1E7A4F7556}") = "level12", "level12\level12.csproj", "{6C38DBEF-D41D-4E71-8041-D9407AC58F31}"
EndProject
Project("{9A19103F-16F7-4668-BE54-9A1E7A4F7556}") = "level13", "level13\level13.csproj", "{260B8993-877A-41BE-A4D5-86E4A681CE9F}"
EndProject
Project("{9A19103F-16F7-4668-BE54-9A1E7A4F7556}") = "level14", "level14\level14.csproj", "{4F7380FA-33F4-4380-86BD-434C0C0028A1}"
EndProject
Project("{9A19103F-16F7-4668-BE54-9A1E7A4F7556}") = "level15", "level15\level15.csproj", "{1A2DB894-79DB-402D-AE85-94F83E543570}"
EndProject
Project("{9A19103F-16F7-4668-BE54-9A1E7A4F7556}") = "level16", "level16\level16.csproj", "{7259EE00-02EA-4DE6-AB1C-11AE6461C2E6}"
EndProject
Project("{9A19103F-16F7-4668-BE54-9A1E7A4F7556}") = "level18", "level18\level18.csproj", "{B18CEF98-0BC4-412E-94A4-5DEC53F3FEF7}"
EndProject
Project("{9A19103F-16F7-4668-BE54-9A1E7A4F7556}") = "level20", "level20\level20.csproj", "{EEEB8138-DA10-49D6-A899-E2ECF143D804}"
EndProject
Project("{FAE04EC0-301F-11D3-BF4B-00C04F79EFBC}") = "level21", "level21\level21.csproj", "{EDDE4E38-B0A8-4219-91EB-F327A6F8BB67}"
EndProject
Project("{FAE04EC0-301F-11D3-BF4B-00C04F79EFBC}") = "level22", "level22\level22.csproj", "{D03BFDD8-D75C-46AC-AFF5-01633152F8DF}"
EndProject
Global
	GlobalSection(SolutionConfigurationPlatforms) = preSolution
		Debug|Any CPU = Debug|Any CPU
		Release|Any CPU = Release|Any CPU
	EndGlobalSection
	GlobalSection(ProjectConfigurationPlatforms) = postSolution
		{C6A7418E-1C7B-447B-86C8-1A2CABE930F0}.Debug|Any CPU.ActiveCfg = Debug|Any CPU
		{C6A7418E-1C7B-447B-86C8-1A2CABE930F0}.Debug|Any CPU.Build.0 = Debug|Any CPU
		{C6A7418E-1C7B-447B-86C8-1A2CABE930F0}.Release|Any CPU.ActiveCfg = Release|Any CPU
		{C6A7418E-1C7B-447B-86C8-1A2CABE930F0}.Release|Any CPU.Build.0 = Release|Any CPU
		{742FAE2A-2332-49CD-BF43-229B4DD39444}.Debug|Any CPU.ActiveCfg = Debug|Any CPU
		{742FAE2A-2332-49CD-BF43-229B4DD39444}.Debug|Any CPU.Build.0 = Debug|Any CPU
		{742FAE2A-2332-49CD-BF43-229B4DD39444}.Release|Any CPU.ActiveCfg = Release|Any CPU
		{742FAE2A-2332-49CD-BF43-229B4DD39444}.Release|Any CPU.Build.0 = Release|Any CPU
		{6A75DAA5-40D4-4F51-8CA9-1DC527817EFC}.Debug|Any CPU.ActiveCfg = Debug|Any CPU
		{6A75DAA5-40D4-4F51-8CA9-1DC527817EFC}.Debug|Any CPU.Build.0 = Debug|Any CPU
		{6A75DAA5-40D4-4F51-8CA9-1DC527817EFC}.Release|Any CPU.ActiveCfg = Release|Any CPU
		{6A75DAA5-40D4-4F51-8CA9-1DC527817EFC}.Release|Any CPU.Build.0 = Release|Any CPU
		{BFDFB4AC-962B-49C8-939A-7B54F3404B03}.Debug|Any CPU.ActiveCfg = Debug|Any CPU
		{BFDFB4AC-962B-49C8-939A-7B54F3404B03}.Debug|Any CPU.Build.0 = Debug|Any CPU
		{BFDFB4AC-962B-49C8-939A-7B54F3404B03}.Release|Any CPU.ActiveCfg = Release|Any CPU
		{BFDFB4AC-962B-49C8-939A-7B54F3404B03}.Release|Any CPU.Build.0 = Release|Any CPU
		{18EDAC2B-2092-4466-B0A2-20228A0E8448}.Debug|Any CPU.ActiveCfg = Debug|Any CPU
		{18EDAC2B-2092-4466-B0A2-20228A0E8448}.Debug|Any CPU.Build.0 = Debug|Any CPU
		{18EDAC2B-2092-4466-B0A2-20228A0E8448}.Release|Any CPU.ActiveCfg = Release|Any CPU
		{18EDAC2B-2092-4466-B0A2-20228A0E8448}.Release|Any CPU.Build.0 = Release|Any CPU
		{E905F193-B66E-4217-882E-60F80927998A}.Debug|Any CPU.ActiveCfg = Debug|Any CPU
		{E905F193-B66E-4217-882E-60F80927998A}.Debug|Any CPU.Build.0 = Debug|Any CPU
		{E905F193-B66E-4217-882E-60F80927998A}.Release|Any CPU.ActiveCfg = Release|Any CPU
		{E905F193-B66E-4217-882E-60F80927998A}.Release|Any CPU.Build.0 = Release|Any CPU
		{20D9C9F9-BE87-4F6D-8C24-57091819545D}.Debug|Any CPU.ActiveCfg = Debug|Any CPU
		{20D9C9F9-BE87-4F6D-8C24-57091819545D}.Debug|Any CPU.Build.0 = Debug|Any CPU
		{20D9C9F9-BE87-4F6D-8C24-57091819545D}.Release|Any CPU.ActiveCfg = Release|Any CPU
		{20D9C9F9-BE87-4F6D-8C24-57091819545D}.Release|Any CPU.Build.0 = Release|Any CPU
		{104092FD-5CF4-4D36-A829-5FA14DBC626A}.Debug|Any CPU.ActiveCfg = Debug|Any CPU
		{104092FD-5CF4-4D36-A829-5FA14DBC626A}.Debug|Any CPU.Build.0 = Debug|Any CPU
		{104092FD-5CF4-4D36-A829-5FA14DBC626A}.Release|Any CPU.ActiveCfg = Release|Any CPU
		{104092FD-5CF4-4D36-A829-5FA14DBC626A}.Release|Any CPU.Build.0 = Release|Any CPU
		{DCF2EE1C-FE21-4CE3-8891-80AAEB6F4C76}.Debug|Any CPU.ActiveCfg = Debug|Any CPU
		{DCF2EE1C-FE21-4CE3-8891-80AAEB6F4C76}.Debug|Any CPU.Build.0 = Debug|Any CPU
		{DCF2EE1C-FE21-4CE3-8891-80AAEB6F4C76}.Release|Any CPU.ActiveCfg = Release|Any CPU
		{DCF2EE1C-FE21-4CE3-8891-80AAEB6F4C76}.Release|Any CPU.Build.0 = Release|Any CPU
		{C87151E0-0FDD-4F89-A49E-ED3EC9FE5CAD}.Debug|Any CPU.ActiveCfg = Debug|Any CPU
		{C87151E0-0FDD-4F89-A49E-ED3EC9FE5CAD}.Debug|Any CPU.Build.0 = Debug|Any CPU
		{C87151E0-0FDD-4F89-A49E-ED3EC9FE5CAD}.Release|Any CPU.ActiveCfg = Release|Any CPU
		{C87151E0-0FDD-4F89-A49E-ED3EC9FE5CAD}.Release|Any CPU.Build.0 = Release|Any CPU
		{7745C280-EE60-4E9A-8A7C-51CD3B89D96F}.Debug|Any CPU.ActiveCfg = Debug|Any CPU
		{7745C280-EE60-4E9A-8A7C-51CD3B89D96F}.Debug|Any CPU.Build.0 = Debug|Any CPU
		{7745C280-EE60-4E9A-8A7C-51CD3B89D96F}.Release|Any CPU.ActiveCfg = Release|Any CPU
		{7745C280-EE60-4E9A-8A7C-51CD3B89D96F}.Release|Any CPU.Build.0 = Release|Any CPU
		{6C38DBEF-D41D-4E71-8041-D9407AC58F31}.Debug|Any CPU.ActiveCfg = Debug|Any CPU
		{6C38DBEF-D41D-4E71-8041-D9407AC58F31}.Debug|Any CPU.Build.0 = Debug|Any CPU
		{6C38DBEF-D41D-4E71-8041-D9407AC58F31}.Release|Any CPU.ActiveCfg = Release|Any CPU
		{6C38DBEF-D41D-4E71-8041-D9407AC58F31}.Release|Any CPU.Build.0 = Release|Any CPU
		{260B8993-877A-41BE-A4D5-86E4A681CE9F}.Debug|Any CPU.ActiveCfg = Debug|Any CPU
		{260B8993-877A-41BE-A4D5-86E4A681CE9F}.Debug|Any CPU.Build.0 = Debug|Any CPU
		{260B8993-877A-41BE-A4D5-86E4A681CE9F}.Release|Any CPU.ActiveCfg = Release|Any CPU
		{260B8993-877A-41BE-A4D5-86E4A681CE9F}.Release|Any CPU.Build.0 = Release|Any CPU
		{4F7380FA-33F4-4380-86BD-434C0C0028A1}.Debug|Any CPU.ActiveCfg = Debug|Any CPU
		{4F7380FA-33F4-4380-86BD-434C0C0028A1}.Debug|Any CPU.Build.0 = Debug|Any CPU
		{4F7380FA-33F4-4380-86BD-434C0C0028A1}.Release|Any CPU.ActiveCfg = Release|Any CPU
		{4F7380FA-33F4-4380-86BD-434C0C0028A1}.Release|Any CPU.Build.0 = Release|Any CPU
		{1A2DB894-79DB-402D-AE85-94F83E543570}.Debug|Any CPU.ActiveCfg = Debug|Any CPU
		{1A2DB894-79DB-402D-AE85-94F83E543570}.Debug|Any CPU.Build.0 = Debug|Any CPU
		{1A2DB894-79DB-402D-AE85-94F83E543570}.Release|Any CPU.ActiveCfg = Release|Any CPU
		{1A2DB894-79DB-402D-AE85-94F83E543570}.Release|Any CPU.Build.0 = Release|Any CPU
		{7259EE00-02EA-4DE6-AB1C-11AE6461C2E6}.Debug|Any CPU.ActiveCfg = Debug|Any CPU
		{7259EE00-02EA-4DE6-AB1C-11AE6461C2E6}.Debug|Any CPU.Build.0 = Debug|Any CPU
		{7259EE00-02EA-4DE6-AB1C-11AE6461C2E6}.Release|Any CPU.ActiveCfg = Release|Any CPU
		{7259EE00-02EA-4DE6-AB1C-11AE6461C2E6}.Release|Any CPU.Build.0 = Release|Any CPU
		{B18CEF98-0BC4-412E-94A4-5DEC53F3FEF7}.Debug|Any CPU.ActiveCfg = Debug|Any CPU
		{B18CEF98-0BC4-412E-94A4-5DEC53F3FEF7}.Debug|Any CPU.Build.0 = Debug|Any CPU
		{B18CEF98-0BC4-412E-94A4-5DEC53F3FEF7}.Release|Any CPU.ActiveCfg = Release|Any CPU
		{B18CEF98-0BC4-412E-94A4-5DEC53F3FEF7}.Release|Any CPU.Build.0 = Release|Any CPU
		{EEEB8138-DA10-49D6-A899-E2ECF143D804}.Debug|Any CPU.ActiveCfg = Debug|Any CPU
		{EEEB8138-DA10-49D6-A899-E2ECF143D804}.Debug|Any CPU.Build.0 = Debug|Any CPU
		{EEEB8138-DA10-49D6-A899-E2ECF143D804}.Release|Any CPU.ActiveCfg = Release|Any CPU
		{EEEB8138-DA10-49D6-A899-E2ECF143D804}.Release|Any CPU.Build.0 = Release|Any CPU
		{EDDE4E38-B0A8-4219-91EB-F327A6F8BB67}.Debug|Any CPU.ActiveCfg = Debug|Any CPU
		{EDDE4E38-B0A8-4219-91EB-F327A6F8BB67}.Debug|Any CPU.Build.0 = Debug|Any CPU
		{EDDE4E38-B0A8-4219-91EB-F327A6F8BB67}.Release|Any CPU.ActiveCfg = Release|Any CPU
		{EDDE4E38-B0A8-4219-91EB-F327A6F8BB67}.Release|Any CPU.Build.0 = Release|Any CPU
		{D03BFDD8-D75C-46AC-AFF5-01633152F8DF}.Debug|Any CPU.ActiveCfg = Debug|Any CPU
		{D03BFDD8-D75C-46AC-AFF5-01633152F8DF}.Debug|Any CPU.Build.0 = Debug|Any CPU
		{D03BFDD8-D75C-46AC-AFF5-01633152F8DF}.Release|Any CPU.ActiveCfg = Release|Any CPU
		{D03BFDD8-D75C-46AC-AFF5-01633152F8DF}.Release|Any CPU.Build.0 = Release|Any CPU
	EndGlobalSection
	GlobalSection(SolutionProperties) = preSolution
		HideSolutionNode = FALSE
	EndGlobalSection
	GlobalSection(ExtensibilityGlobals) = postSolution
		SolutionGuid = {74BFDB2B-5F33-482E-803C-1DD1D3D65ACB}
	EndGlobalSection
EndGlobal
