
Microsoft Visual Studio Solution File, Format Version 12.00
# Visual Studio Version 17
VisualStudioVersion = 17.4.33110.190
MinimumVisualStudioVersion = 10.0.40219.1
Project("{9A19103F-16F7-4668-BE54-9A1E7A4F7556}") = "level1", "level1\level1.csproj", "{C6A7418E-1C7B-447B-86C8-1A2CABE930F0}"
EndProject
Project("{9A19103F-16F7-4668-BE54-9A1E7A4F7556}") = "level2", "level2\level2.csproj", "{742FAE2A-2332-49CD-BF43-229B4DD39444}"
EndProject
Project("{9A19103F-16F7-4668-BE54-9A1E7A4F7556}") = "level3", "level3\level3.csproj", "{6A75DAA5-40D4-4F51-8CA9-1DC527817EFC}"
EndProject
Project("{9A19103F-16F7-4668-BE54-9A1E7A4F7556}") = "level4", "level4\level4.csproj", "{BFDFB4AC-962B-49C8-939A-7B54F3404B03}"
EndProject
Project("{9A19103F-16F7-4668-BE54-9A1E7A4F7556}") = "level5", "level5\level5.csproj", "{18EDAC2B-2092-4466-B0A2-20228A0E8448}"
EndProject
Project("{9A19103F-16F7-4668-BE54-9A1E7A4F7556}") = "level6", "level6\level6.csproj", "{E905F193-B66E-4217-882E-60F80927998A}"
EndProject
Project("{9A19103F-16F7-4668-BE54-9A1E7A4F7556}") = "level7", "level7\level7.csproj", "{20D9C9F9-BE87-4F6D-8C24-57091819545D}"
EndProject
Project("{9A19103F-16F7-4668-BE54-9A1E7A4F7556}") = "level8", "level8\level8.csproj", "{104092FD-5CF4-4D36-A829-5FA14DBC626A}"
EndProject
Project("{FAE04EC0-301F-11D3-BF4B-00C04F79EFBC}") = "level9", "level9\level9.csproj", "{DCF2EE1C-FE21-4CE3-8891-80AAEB6F4C76}"
EndProject
Global
	GlobalSection(SolutionConfigurationPlatforms) = preSolution
		Debug|Any CPU = Debug|Any CPU
		Release|Any CPU = Release|Any CPU
	EndGlobalSection
	GlobalSection(ProjectConfigurationPlatforms) = postSolution
		{C6A7418E-1C7B-447B-86C8-1A2CABE930F0}.Debug|Any CPU.ActiveCfg = Debug|Any CPU
		{C6A7418E-1C7B-447B-86C8-1A2CABE930F0}.Debug|Any CPU.Build.0 = Debug|Any CPU
		{C6A7418E-1C7B-447B-86C8-1A2CABE930F0}.Release|Any CPU.ActiveCfg = Release|Any CPU
		{C6A7418E-1C7B-447B-86C8-1A2CABE930F0}.Release|Any CPU.Build.0 = Release|Any CPU
		{742FAE2A-2332-49CD-BF43-229B4DD39444}.Debug|Any CPU.ActiveCfg = Debug|Any CPU
		{742FAE2A-2332-49CD-BF43-229B4DD39444}.Debug|Any CPU.Build.0 = Debug|Any CPU
		{742FAE2A-2332-49CD-BF43-229B4DD39444}.Release|Any CPU.ActiveCfg = Release|Any CPU
		{742FAE2A-2332-49CD-BF43-229B4DD39444}.Release|Any CPU.Build.0 = Release|Any CPU
		{6A75DAA5-40D4-4F51-8CA9-1DC527817EFC}.Debug|Any CPU.ActiveCfg = Debug|Any CPU
		{6A75DAA5-40D4-4F51-8CA9-1DC527817EFC}.Debug|Any CPU.Build.0 = Debug|Any CPU
		{6A75DAA5-40D4-4F51-8CA9-1DC527817EFC}.Release|Any CPU.ActiveCfg = Release|Any CPU
		{6A75DAA5-40D4-4F51-8CA9-1DC527817EFC}.Release|Any CPU.Build.0 = Release|Any CPU
		{BFDFB4AC-962B-49C8-939A-7B54F3404B03}.Debug|Any CPU.ActiveCfg = Debug|Any CPU
		{BFDFB4AC-962B-49C8-939A-7B54F3404B03}.Debug|Any CPU.Build.0 = Debug|Any CPU
		{BFDFB4AC-962B-49C8-939A-7B54F3404B03}.Release|Any CPU.ActiveCfg = Release|Any CPU
		{BFDFB4AC-962B-49C8-939A-7B54F3404B03}.Release|Any CPU.Build.0 = Release|Any CPU
		{18EDAC2B-2092-4466-B0A2-20228A0E8448}.Debug|Any CPU.ActiveCfg = Debug|Any CPU
		{18EDAC2B-2092-4466-B0A2-20228A0E8448}.Debug|Any CPU.Build.0 = Debug|Any CPU
		{18EDAC2B-2092-4466-B0A2-20228A0E8448}.Release|Any CPU.ActiveCfg = Release|Any CPU
		{18EDAC2B-2092-4466-B0A2-20228A0E8448}.Release|Any CPU.Build.0 = Release|Any CPU
		{E905F193-B66E-4217-882E-60F80927998A}.Debug|Any CPU.ActiveCfg = Debug|Any CPU
		{E905F193-B66E-4217-882E-60F80927998A}.Debug|Any CPU.Build.0 = Debug|Any CPU
		{E905F193-B66E-4217-882E-60F80927998A}.Release|Any CPU.ActiveCfg = Release|Any CPU
		{E905F193-B66E-4217-882E-60F80927998A}.Release|Any CPU.Build.0 = Release|Any CPU
		{20D9C9F9-BE87-4F6D-8C24-57091819545D}.Debug|Any CPU.ActiveCfg = Debug|Any CPU
		{20D9C9F9-BE87-4F6D-8C24-57091819545D}.Debug|Any CPU.Build.0 = Debug|Any CPU
		{20D9C9F9-BE87-4F6D-8C24-57091819545D}.Release|Any CPU.ActiveCfg = Release|Any CPU
		{20D9C9F9-BE87-4F6D-8C24-57091819545D}.Release|Any CPU.Build.0 = Release|Any CPU
		{104092FD-5CF4-4D36-A829-5FA14DBC626A}.Debug|Any CPU.ActiveCfg = Debug|Any CPU
		{104092FD-5CF4-4D36-A829-5FA14DBC626A}.Debug|Any CPU.Build.0 = Debug|Any CPU
		{104092FD-5CF4-4D36-A829-5FA14DBC626A}.Release|Any CPU.ActiveCfg = Release|Any CPU
		{104092FD-5CF4-4D36-A829-5FA14DBC626A}.Release|Any CPU.Build.0 = Release|Any CPU
		{DCF2EE1C-FE21-4CE3-8891-80AAEB6F4C76}.Debug|Any CPU.ActiveCfg = Debug|Any CPU
		{DCF2EE1C-FE21-4CE3-8891-80AAEB6F4C76}.Debug|Any CPU.Build.0 = Debug|Any CPU
		{DCF2EE1C-FE21-4CE3-8891-80AAEB6F4C76}.Release|Any CPU.ActiveCfg = Release|Any CPU
		{DCF2EE1C-FE21-4CE3-8891-80AAEB6F4C76}.Release|Any CPU.Build.0 = Release|Any CPU
	EndGlobalSection
	GlobalSection(SolutionProperties) = preSolution
		HideSolutionNode = FALSE
	EndGlobalSection
	GlobalSection(ExtensibilityGlobals) = postSolution
		SolutionGuid = {74BFDB2B-5F33-482E-803C-1DD1D3D65ACB}
	EndGlobalSection
EndGlobal
